
Microsoft Visual Studio Solution File, Format Version 12.00
# Visual Studio 2013
VisualStudioVersion = 12.0.30723.0
MinimumVisualStudioVersion = 10.0.40219.1
Project("{8BC9CEB8-8B4A-11D0-8D11-00A0C91BC942}") = "FileFindBench", "FileFindBench\FileFindBench.vcxproj", "{6E4A2F4C-ECBE-4F30-83B3-3DC4DCDAFE0E}"
EndProject
Project("{2150E333-8FDC-42A3-9474-1A3956D46DE8}") = "Solution Items", "Solution Items", "{C606CAB2-66D7-482C-A4A0-62A747480E5A}"
EndProject
Global
	GlobalSection(SolutionConfigurationPlatforms) = preSolution
		Debug|x64 = Debug|x64
		Release|x64 = Release|x64
	EndGlobalSection
	GlobalSection(ProjectConfigurationPlatforms) = postSolution
		{6E4A2F4C-ECBE-4F30-83B3-3DC4DCDAFE0E}.Debug|x64.ActiveCfg = Debug|x64
		{6E4A2F4C-ECBE-4F30-83B3-3DC4DCDAFE0E}.Debug|x64.Build.0 = Debug|x64
		{6E4A2F4C-ECBE-4F30-83B3-3DC4DCDAFE0E}.Release|x64.ActiveCfg = Release|x64
		{6E4A2F4C-ECBE-4F30-83B3-3DC4DCDAFE0E}.Release|x64.Build.0 = Release|x64
	EndGlobalSection
	GlobalSection(SolutionProperties) = preSolution
		HideSolutionNode = FALSE
	EndGlobalSection
EndGlobal
